
Microsoft Visual Studio Solution File, Format Version 12.00
# Visual Studio Version 17
VisualStudioVersion = 17.13.35806.99 d17.13
MinimumVisualStudioVersion = 10.0.40219.1
Project("{FAE04EC0-301F-11D3-BF4B-00C04F79EFBC}") = "ObfuscarMaui", "ObfuscarMaui\ObfuscarMaui.csproj", "{1A1B8F97-AF51-4E86-9705-49C6A2767418}"
EndProject
Global
	GlobalSection(SolutionConfigurationPlatforms) = preSolution
		Debug|Any CPU = Debug|Any CPU
		Release|Any CPU = Release|Any CPU
	EndGlobalSection
	GlobalSection(ProjectConfigurationPlatforms) = postSolution
		{1A1B8F97-AF51-4E86-9705-49C6A2767418}.Debug|Any CPU.ActiveCfg = Debug|Any CPU
		{1A1B8F97-AF51-4E86-9705-49C6A2767418}.Debug|Any CPU.Build.0 = Debug|Any CPU
		{1A1B8F97-AF51-4E86-9705-49C6A2767418}.Release|Any CPU.ActiveCfg = Release|Any CPU
		{1A1B8F97-AF51-4E86-9705-49C6A2767418}.Release|Any CPU.Build.0 = Release|Any CPU
	EndGlobalSection
	GlobalSection(SolutionProperties) = preSolution
		HideSolutionNode = FALSE
	EndGlobalSection
	GlobalSection(ExtensibilityGlobals) = postSolution
		SolutionGuid = {87E959B4-0C60-4C91-9438-1E409615B5C4}
	EndGlobalSection
EndGlobal
